
Microsoft Visual Studio Solution File, Format Version 12.00
# Visual Studio Version 17
VisualStudioVersion = 17.13.35919.96
MinimumVisualStudioVersion = 10.0.40219.1
Project("{FAE04EC0-301F-11D3-BF4B-00C04F79EFBC}") = "WindowsFormsApp1", "WindowsFormsApp1.csproj", "{E157BD4F-E986-4250-BB15-EB1E2BD4E82E}"
EndProject
Project("{FAE04EC0-301F-11D3-BF4B-00C04F79EFBC}") = "Rwportes", "..\Rwportes\Rwportes.csproj", "{0E94ED11-103C-442C-9116-38B4CB862760}"
EndProject
Global
	GlobalSection(SolutionConfigurationPlatforms) = preSolution
		Debug|Any CPU = Debug|Any CPU
		Release|Any CPU = Release|Any CPU
	EndGlobalSection
	GlobalSection(ProjectConfigurationPlatforms) = postSolution
		{E157BD4F-E986-4250-BB15-EB1E2BD4E82E}.Debug|Any CPU.ActiveCfg = Debug|Any CPU
		{E157BD4F-E986-4250-BB15-EB1E2BD4E82E}.Debug|Any CPU.Build.0 = Debug|Any CPU
		{E157BD4F-E986-4250-BB15-EB1E2BD4E82E}.Release|Any CPU.ActiveCfg = Release|Any CPU
		{E157BD4F-E986-4250-BB15-EB1E2BD4E82E}.Release|Any CPU.Build.0 = Release|Any CPU
		{0E94ED11-103C-442C-9116-38B4CB862760}.Debug|Any CPU.ActiveCfg = Debug|Any CPU
		{0E94ED11-103C-442C-9116-38B4CB862760}.Debug|Any CPU.Build.0 = Debug|Any CPU
		{0E94ED11-103C-442C-9116-38B4CB862760}.Release|Any CPU.ActiveCfg = Release|Any CPU
		{0E94ED11-103C-442C-9116-38B4CB862760}.Release|Any CPU.Build.0 = Release|Any CPU
	EndGlobalSection
	GlobalSection(SolutionProperties) = preSolution
		HideSolutionNode = FALSE
	EndGlobalSection
	GlobalSection(ExtensibilityGlobals) = postSolution
		SolutionGuid = {01A16E6B-E253-4E9A-8026-CF8A1383D6AE}
	EndGlobalSection
EndGlobal
